
Microsoft Visual Studio Solution File, Format Version 12.00
# Visual Studio Version 17
VisualStudioVersion = 17.3.32825.248
MinimumVisualStudioVersion = 10.0.40219.1
Project("{9A19103F-16F7-4668-BE54-9A1E7A4F7556}") = "SampleAsp", "SampleAsp.csproj", "{FE0DA32D-554B-44A2-AF4D-9363FBA41F66}"
EndProject
Global
	GlobalSection(SolutionConfigurationPlatforms) = preSolution
		Debug|Any CPU = Debug|Any CPU
		Release|Any CPU = Release|Any CPU
	EndGlobalSection
	GlobalSection(ProjectConfigurationPlatforms) = postSolution
		{FE0DA32D-554B-44A2-AF4D-9363FBA41F66}.Debug|Any CPU.ActiveCfg = Debug|Any CPU
		{FE0DA32D-554B-44A2-AF4D-9363FBA41F66}.Debug|Any CPU.Build.0 = Debug|Any CPU
		{FE0DA32D-554B-44A2-AF4D-9363FBA41F66}.Release|Any CPU.ActiveCfg = Release|Any CPU
		{FE0DA32D-554B-44A2-AF4D-9363FBA41F66}.Release|Any CPU.Build.0 = Release|Any CPU
	EndGlobalSection
	GlobalSection(SolutionProperties) = preSolution
		HideSolutionNode = FALSE
	EndGlobalSection
	GlobalSection(ExtensibilityGlobals) = postSolution
		SolutionGuid = {EA3EAFE5-F89F-43E6-A88E-F12A912EBB59}
	EndGlobalSection
EndGlobal
