
Microsoft Visual Studio Solution File, Format Version 12.00
# Visual Studio Version 17
VisualStudioVersion = 17.3.32825.248
MinimumVisualStudioVersion = 10.0.40219.1
Project("{9A19103F-16F7-4668-BE54-9A1E7A4F7556}") = "16-validation", "16-validation.csproj", "{533AE480-4EF5-46E4-ACD6-3225EBB70927}"
EndProject
Global
	GlobalSection(SolutionConfigurationPlatforms) = preSolution
		Debug|Any CPU = Debug|Any CPU
		Release|Any CPU = Release|Any CPU
	EndGlobalSection
	GlobalSection(ProjectConfigurationPlatforms) = postSolution
		{533AE480-4EF5-46E4-ACD6-3225EBB70927}.Debug|Any CPU.ActiveCfg = Debug|Any CPU
		{533AE480-4EF5-46E4-ACD6-3225EBB70927}.Debug|Any CPU.Build.0 = Debug|Any CPU
		{533AE480-4EF5-46E4-ACD6-3225EBB70927}.Release|Any CPU.ActiveCfg = Release|Any CPU
		{533AE480-4EF5-46E4-ACD6-3225EBB70927}.Release|Any CPU.Build.0 = Release|Any CPU
	EndGlobalSection
	GlobalSection(SolutionProperties) = preSolution
		HideSolutionNode = FALSE
	EndGlobalSection
	GlobalSection(ExtensibilityGlobals) = postSolution
		SolutionGuid = {0D482970-2B83-4D8E-80E8-769B70FCC5EC}
	EndGlobalSection
EndGlobal
